
Microsoft Visual Studio Solution File, Format Version 12.00
# Visual Studio Version 17
VisualStudioVersion = 17.3.32825.248
MinimumVisualStudioVersion = 10.0.40219.1
Project("{9A19103F-16F7-4668-BE54-9A1E7A4F7556}") = "DriverShcool", "DriverShcool\DriverShcool.csproj", "{A386AC71-E05D-443C-938C-BD8D7FF3311D}"
EndProject
Project("{9A19103F-16F7-4668-BE54-9A1E7A4F7556}") = "DAL", "DAL\DAL.csproj", "{EBA45A5E-3E33-4F0B-90B3-02D4A3151092}"
EndProject
Global
	GlobalSection(SolutionConfigurationPlatforms) = preSolution
		Debug|Any CPU = Debug|Any CPU
		Release|Any CPU = Release|Any CPU
	EndGlobalSection
	GlobalSection(ProjectConfigurationPlatforms) = postSolution
		{A386AC71-E05D-443C-938C-BD8D7FF3311D}.Debug|Any CPU.ActiveCfg = Debug|Any CPU
		{A386AC71-E05D-443C-938C-BD8D7FF3311D}.Debug|Any CPU.Build.0 = Debug|Any CPU
		{A386AC71-E05D-443C-938C-BD8D7FF3311D}.Release|Any CPU.ActiveCfg = Release|Any CPU
		{A386AC71-E05D-443C-938C-BD8D7FF3311D}.Release|Any CPU.Build.0 = Release|Any CPU
		{EBA45A5E-3E33-4F0B-90B3-02D4A3151092}.Debug|Any CPU.ActiveCfg = Debug|Any CPU
		{EBA45A5E-3E33-4F0B-90B3-02D4A3151092}.Debug|Any CPU.Build.0 = Debug|Any CPU
		{EBA45A5E-3E33-4F0B-90B3-02D4A3151092}.Release|Any CPU.ActiveCfg = Release|Any CPU
		{EBA45A5E-3E33-4F0B-90B3-02D4A3151092}.Release|Any CPU.Build.0 = Release|Any CPU
	EndGlobalSection
	GlobalSection(SolutionProperties) = preSolution
		HideSolutionNode = FALSE
	EndGlobalSection
	GlobalSection(ExtensibilityGlobals) = postSolution
		SolutionGuid = {462AD706-1128-4D28-A481-F29BF946B1FD}
	EndGlobalSection
EndGlobal
